// !$*UTF8*$!
{
	archiveVersion = 1;
	classes = {
	};
	objectVersion = 77;
	objects = {

/* Begin PBXContainerItemProxy section */
		AE491E4D2F41566B00C82578 /* PBXContainerItemProxy */ = {
			isa = PBXContainerItemProxy;
			containerPortal = AE491E372F41566A00C82578 /* Project object */;
			proxyType = 1;
			remoteGlobalIDString = AE491E3E2F41566A00C82578;
			remoteInfo = BirdTreeIdentifier;
		};
		AE491E572F41566B00C82578 /* PBXContainerItemProxy */ = {
			isa = PBXContainerItemProxy;
			containerPortal = AE491E372F41566A00C82578 /* Project object */;
			proxyType = 1;
			remoteGlobalIDString = AE491E3E2F41566A00C82578;
			remoteInfo = BirdTreeIdentifier;
		};
/* End PBXContainerItemProxy section */

/* Begin PBXFileReference section */
		AE491E3F2F41566A00C82578 /* BirdTreeIdentifier.app */ = {isa = PBXFileReference; explicitFileType = wrapper.application; includeInIndex = 0; path = BirdTreeIdentifier.app; sourceTree = BUILT_PRODUCTS_DIR; };
		AE491E4C2F41566B00C82578 /* BirdTreeIdentifierTests.xctest */ = {isa = PBXFileReference; explicitFileType = wrapper.cfbundle; includeInIndex = 0; path = BirdTreeIdentifierTests.xctest; sourceTree = BUILT_PRODUCTS_DIR; };
		AE491E562F41566B00C82578 /* BirdTreeIdentifierUITests.xctest */ = {isa = PBXFileReference; explicitFileType = wrapper.cfbundle; includeInIndex = 0; path = BirdTreeIdentifierUITests.xctest; sourceTree = BUILT_PRODUCTS_DIR; };
/* End PBXFileReference section */

/* Begin PBXFileSystemSynchronizedRootGroup section */
		AE491E412F41566A00C82578 /* BirdTreeIdentifier */ = {
			isa = PBXFileSystemSynchronizedRootGroup;
			path = BirdTreeIdentifier;
			sourceTree = "<group>";
		};
		AE491E4F2F41566B00C82578 /* BirdTreeIdentifierTests */ = {
			isa = PBXFileSystemSynchronizedRootGroup;
			path = BirdTreeIdentifierTests;
			sourceTree = "<group>";
		};
		AE491E592F41566B00C82578 /* BirdTreeIdentifierUITests */ = {
			isa = PBXFileSystemSynchronizedRootGroup;
			path = BirdTreeIdentifierUITests;
			sourceTree = "<group>";
		};
/* End PBXFileSystemSynchronizedRootGroup section */

/* Begin PBXFrameworksBuildPhase section */
		AE491E3C2F41566A00C82578 /* Frameworks */ = {
			isa = PBXFrameworksBuildPhase;
			buildActionMask = 2147483647;
			files = (
			);
			runOnlyForDeploymentPostprocessing = 0;
		};
		AE491E492F41566B00C82578 /* Frameworks */ = {
			isa = PBXFrameworksBuildPhase;
			buildActionMask = 2147483647;
			files = (
			);
			runOnlyForDeploymentPostprocessing = 0;
		};
		AE491E532F41566B00C82578 /* Frameworks */ = {
			isa = PBXFrameworksBuildPhase;
			buildActionMask = 2147483647;
			files = (
			);
			runOnlyForDeploymentPostprocessing = 0;
		};
/* End PBXFrameworksBuildPhase section */

/* Begin PBXGroup section */
		AE491E362F41566A00C82578 = {
			isa = PBXGroup;
			children = (
				AE491E412F41566A00C82578 /* BirdTreeIdentifier */,
				AE491E4F2F41566B00C82578 /* BirdTreeIdentifierTests */,
				AE491E592F41566B00C82578 /* BirdTreeIdentifierUITests */,
				AE491E402F41566A00C82578 /* Products */,
			);
			sourceTree = "<group>";
		};
		AE491E402F41566A00C82578 /* Products */ = {
			isa = PBXGroup;
			children = (
				AE491E3F2F41566A00C82578 /* BirdTreeIdentifier.app */,
				AE491E4C2F41566B00C82578 /* BirdTreeIdentifierTests.xctest */,
				AE491E562F41566B00C82578 /* BirdTreeIdentifierUITests.xctest */,
			);
			name = Products;
			sourceTree = "<group>";
		};
/* End PBXGroup section */

/* Begin PBXNativeTarget section */
		AE491E3E2F41566A00C82578 /* BirdTreeIdentifier */ = {
			isa = PBXNativeTarget;
			buildConfigurationList = AE491E602F41566B00C82578 /* Build configuration list for PBXNativeTarget "BirdTreeIdentifier" */;
			buildPhases = (
				AE491E3B2F41566A00C82578 /* Sources */,
				AE491E3C2F41566A00C82578 /* Frameworks */,
				AE491E3D2F41566A00C82578 /* Resources */,
			);
			buildRules = (
			);
			dependencies = (
			);
			fileSystemSynchronizedGroups = (
				AE491E412F41566A00C82578 /* BirdTreeIdentifier */,
			);
			name = BirdTreeIdentifier;
			packageProductDependencies = (
			);
			productName = BirdTreeIdentifier;
			productReference = AE491E3F2F41566A00C82578 /* BirdTreeIdentifier.app */;
			productType = "com.apple.product-type.application";
		};
		AE491E4B2F41566B00C82578 /* BirdTreeIdentifierTests */ = {
			isa = PBXNativeTarget;
			buildConfigurationList = AE491E632F41566B00C82578 /* Build configuration list for PBXNativeTarget "BirdTreeIdentifierTests" */;
			buildPhases = (
				AE491E482F41566B00C82578 /* Sources */,
				AE491E492F41566B00C82578 /* Frameworks */,
				AE491E4A2F41566B00C82578 /* Resources */,
			);
			buildRules = (
			);
			dependencies = (
				AE491E4E2F41566B00C82578 /* PBXTargetDependency */,
			);
			fileSystemSynchronizedGroups = (
				AE491E4F2F41566B00C82578 /* BirdTreeIdentifierTests */,
			);
			name = BirdTreeIdentifierTests;
			packageProductDependencies = (
			);
			productName = BirdTreeIdentifierTests;
			productReference = AE491E4C2F41566B00C82578 /* BirdTreeIdentifierTests.xctest */;
			productType = "com.apple.product-type.bundle.unit-test";
		};
		AE491E552F41566B00C82578 /* BirdTreeIdentifierUITests */ = {
			isa = PBXNativeTarget;
			buildConfigurationList = AE491E662F41566B00C82578 /* Build configuration list for PBXNativeTarget "BirdTreeIdentifierUITests" */;
			buildPhases = (
				AE491E522F41566B00C82578 /* Sources */,
				AE491E532F41566B00C82578 /* Frameworks */,
				AE491E542F41566B00C82578 /* Resources */,
			);
			buildRules = (
			);
			dependencies = (
				AE491E582F41566B00C82578 /* PBXTargetDependency */,
			);
			fileSystemSynchronizedGroups = (
				AE491E592F41566B00C82578 /* BirdTreeIdentifierUITests */,
			);
			name = BirdTreeIdentifierUITests;
			packageProductDependencies = (
			);
			productName = BirdTreeIdentifierUITests;
			productReference = AE491E562F41566B00C82578 /* BirdTreeIdentifierUITests.xctest */;
			productType = "com.apple.product-type.bundle.ui-testing";
		};
/* End PBXNativeTarget section */

/* Begin PBXProject section */
		AE491E372F41566A00C82578 /* Project object */ = {
			isa = PBXProject;
			attributes = {
				BuildIndependentTargetsInParallel = 1;
				LastSwiftUpdateCheck = 1640;
				LastUpgradeCheck = 1640;
				TargetAttributes = {
					AE491E3E2F41566A00C82578 = {
						CreatedOnToolsVersion = 16.4;
					};
					AE491E4B2F41566B00C82578 = {
						CreatedOnToolsVersion = 16.4;
						TestTargetID = AE491E3E2F41566A00C82578;
					};
					AE491E552F41566B00C82578 = {
						CreatedOnToolsVersion = 16.4;
						TestTargetID = AE491E3E2F41566A00C82578;
					};
				};
			};
			buildConfigurationList = AE491E3A2F41566A00C82578 /* Build configuration list for PBXProject "BirdTreeIdentifier" */;
			developmentRegion = en;
			hasScannedForEncodings = 0;
			knownRegions = (
				en,
				Base,
			);
			mainGroup = AE491E362F41566A00C82578;
			minimizedProjectReferenceProxies = 1;
			preferredProjectObjectVersion = 77;
			productRefGroup = AE491E402F41566A00C82578 /* Products */;
			projectDirPath = "";
			projectRoot = "";
			targets = (
				AE491E3E2F41566A00C82578 /* BirdTreeIdentifier */,
				AE491E4B2F41566B00C82578 /* BirdTreeIdentifierTests */,
				AE491E552F41566B00C82578 /* BirdTreeIdentifierUITests */,
			);
		};
/* End PBXProject section */

/* Begin PBXResourcesBuildPhase section */
		AE491E3D2F41566A00C82578 /* Resources */ = {
			isa = PBXResourcesBuildPhase;
			buildActionMask = 2147483647;
			files = (
			);
			runOnlyForDeploymentPostprocessing = 0;
		};
		AE491E4A2F41566B00C82578 /* Resources */ = {
			isa = PBXResourcesBuildPhase;
			buildActionMask = 2147483647;
			files = (
			);
			runOnlyForDeploymentPostprocessing = 0;
		};
		AE491E542F41566B00C82578 /* Resources */ = {
			isa = PBXResourcesBuildPhase;
			buildActionMask = 2147483647;
			files = (
			);
			runOnlyForDeploymentPostprocessing = 0;
		};
/* End PBXResourcesBuildPhase section */

/* Begin PBXSourcesBuildPhase section */
		AE491E3B2F41566A00C82578 /* Sources */ = {
			isa = PBXSourcesBuildPhase;
			buildActionMask = 2147483647;
			files = (
			);
			runOnlyForDeploymentPostprocessing = 0;
		};
		AE491E482F41566B00C82578 /* Sources */ = {
			isa = PBXSourcesBuildPhase;
			buildActionMask = 2147483647;
			files = (
			);
			runOnlyForDeploymentPostprocessing = 0;
		};
		AE491E522F41566B00C82578 /* Sources */ = {
			isa = PBXSourcesBuildPhase;
			buildActionMask = 2147483647;
			files = (
			);
			runOnlyForDeploymentPostprocessing = 0;
		};
/* End PBXSourcesBuildPhase section */

/* Begin PBXTargetDependency section */
		AE491E4E2F41566B00C82578 /* PBXTargetDependency */ = {
			isa = PBXTargetDependency;
			target = AE491E3E2F41566A00C82578 /* BirdTreeIdentifier */;
			targetProxy = AE491E4D2F41566B00C82578 /* PBXContainerItemProxy */;
		};
		AE491E582F41566B00C82578 /* PBXTargetDependency */ = {
			isa = PBXTargetDependency;
			target = AE491E3E2F41566A00C82578 /* BirdTreeIdentifier */;
			targetProxy = AE491E572F41566B00C82578 /* PBXContainerItemProxy */;
		};
/* End PBXTargetDependency section */

/* Begin XCBuildConfiguration section */
		AE491E5E2F41566B00C82578 /* Debug */ = {
			isa = XCBuildConfiguration;
			buildSettings = {
				ALWAYS_SEARCH_USER_PATHS = NO;
				ASSETCATALOG_COMPILER_GENERATE_SWIFT_ASSET_SYMBOL_EXTENSIONS = YES;
				CLANG_ANALYZER_NONNULL = YES;
				CLANG_ANALYZER_NUMBER_OBJECT_CONVERSION = YES_AGGRESSIVE;
				CLANG_CXX_LANGUAGE_STANDARD = "gnu++20";
				CLANG_ENABLE_MODULES = YES;
				CLANG_ENABLE_OBJC_ARC = YES;
				CLANG_ENABLE_OBJC_WEAK = YES;
				CLANG_WARN_BLOCK_CAPTURE_AUTORELEASING = YES;
				CLANG_WARN_BOOL_CONVERSION = YES;
				CLANG_WARN_COMMA = YES;
				CLANG_WARN_CONSTANT_CONVERSION = YES;
				CLANG_WARN_DEPRECATED_OBJC_IMPLEMENTATIONS = YES;
				CLANG_WARN_DIRECT_OBJC_ISA_USAGE = YES_ERROR;
				CLANG_WARN_DOCUMENTATION_COMMENTS = YES;
				CLANG_WARN_EMPTY_BODY = YES;
				CLANG_WARN_ENUM_CONVERSION = YES;
				CLANG_WARN_INFINITE_RECURSION = YES;
				CLANG_WARN_INT_CONVERSION = YES;
				CLANG_WARN_NON_LITERAL_NULL_CONVERSION = YES;
				CLANG_WARN_OBJC_IMPLICIT_RETAIN_SELF = YES;
				CLANG_WARN_OBJC_LITERAL_CONVERSION = YES;
				CLANG_WARN_OBJC_ROOT_CLASS = YES_ERROR;
				CLANG_WARN_QUOTED_INCLUDE_IN_FRAMEWORK_HEADER = YES;
				CLANG_WARN_RANGE_LOOP_ANALYSIS = YES;
				CLANG_WARN_STRICT_PROTOTYPES = YES;
				CLANG_WARN_SUSPICIOUS_MOVE = YES;
				CLANG_WARN_UNGUARDED_AVAILABILITY = YES_AGGRESSIVE;
				CLANG_WARN_UNREACHABLE_CODE = YES;
				CLANG_WARN__DUPLICATE_METHOD_MATCH = YES;
				COPY_PHASE_STRIP = NO;
				DEBUG_INFORMATION_FORMAT = dwarf;
				ENABLE_STRICT_OBJC_MSGSEND = YES;
				ENABLE_TESTABILITY = YES;
				ENABLE_USER_SCRIPT_SANDBOXING = YES;
				GCC_C_LANGUAGE_STANDARD = gnu17;
				GCC_DYNAMIC_NO_PIC = NO;
				GCC_NO_COMMON_BLOCKS = YES;
				GCC_OPTIMIZATION_LEVEL = 0;
				GCC_PREPROCESSOR_DEFINITIONS = (
					"DEBUG=1",
					"$(inherited)",
				);
				GCC_WARN_64_TO_32_BIT_CONVERSION = YES;
				GCC_WARN_ABOUT_RETURN_TYPE = YES_ERROR;
				GCC_WARN_UNDECLARED_SELECTOR = YES;
				GCC_WARN_UNINITIALIZED_AUTOS = YES_AGGRESSIVE;
				GCC_WARN_UNUSED_FUNCTION = YES;
				GCC_WARN_UNUSED_VARIABLE = YES;
				IPHONEOS_DEPLOYMENT_TARGET = 18.5;
				LOCALIZATION_PREFERS_STRING_CATALOGS = YES;
				MTL_ENABLE_DEBUG_INFO = INCLUDE_SOURCE;
				MTL_FAST_MATH = YES;
				ONLY_ACTIVE_ARCH = YES;
				SDKROOT = iphoneos;
				SWIFT_ACTIVE_COMPILATION_CONDITIONS = "DEBUG $(inherited)";
				SWIFT_OPTIMIZATION_LEVEL = "-Onone";
			};
			name = Debug;
		};
		AE491E5F2F41566B00C82578 /* Release */ = {
			isa = XCBuildConfiguration;
			buildSettings = {
				ALWAYS_SEARCH_USER_PATHS = NO;
				ASSETCATALOG_COMPILER_GENERATE_SWIFT_ASSET_SYMBOL_EXTENSIONS = YES;
				CLANG_ANALYZER_NONNULL = YES;
				CLANG_ANALYZER_NUMBER_OBJECT_CONVERSION = YES_AGGRESSIVE;
				CLANG_CXX_LANGUAGE_STANDARD = "gnu++20";
				CLANG_ENABLE_MODULES = YES;
				CLANG_ENABLE_OBJC_ARC = YES;
				CLANG_ENABLE_OBJC_WEAK = YES;
				CLANG_WARN_BLOCK_CAPTURE_AUTORELEASING = YES;
				CLANG_WARN_BOOL_CONVERSION = YES;
				CLANG_WARN_COMMA = YES;
				CLANG_WARN_CONSTANT_CONVERSION = YES;
				CLANG_WARN_DEPRECATED_OBJC_IMPLEMENTATIONS = YES;
				CLANG_WARN_DIRECT_OBJC_ISA_USAGE = YES_ERROR;
				CLANG_WARN_DOCUMENTATION_COMMENTS = YES;
				CLANG_WARN_EMPTY_BODY = YES;
				CLANG_WARN_ENUM_CONVERSION = YES;
				CLANG_WARN_INFINITE_RECURSION = YES;
				CLANG_WARN_INT_CONVERSION = YES;
				CLANG_WARN_NON_LITERAL_NULL_CONVERSION = YES;
				CLANG_WARN_OBJC_IMPLICIT_RETAIN_SELF = YES;
				CLANG_WARN_OBJC_LITERAL_CONVERSION = YES;
				CLANG_WARN_OBJC_ROOT_CLASS = YES_ERROR;
				CLANG_WARN_QUOTED_INCLUDE_IN_FRAMEWORK_HEADER = YES;
				CLANG_WARN_RANGE_LOOP_ANALYSIS = YES;
				CLANG_WARN_STRICT_PROTOTYPES = YES;
				CLANG_WARN_SUSPICIOUS_MOVE = YES;
				CLANG_WARN_UNGUARDED_AVAILABILITY = YES_AGGRESSIVE;
				CLANG_WARN_UNREACHABLE_CODE = YES;
				CLANG_WARN__DUPLICATE_METHOD_MATCH = YES;
				COPY_PHASE_STRIP = NO;
				DEBUG_INFORMATION_FORMAT = "dwarf-with-dsym";
				ENABLE_NS_ASSERTIONS = NO;
				ENABLE_STRICT_OBJC_MSGSEND = YES;
				ENABLE_USER_SCRIPT_SANDBOXING = YES;
				GCC_C_LANGUAGE_STANDARD = gnu17;
				GCC_NO_COMMON_BLOCKS = YES;
				GCC_WARN_64_TO_32_BIT_CONVERSION = YES;
				GCC_WARN_ABOUT_RETURN_TYPE = YES_ERROR;
				GCC_WARN_UNDECLARED_SELECTOR = YES;
				GCC_WARN_UNINITIALIZED_AUTOS = YES_AGGRESSIVE;
				GCC_WARN_UNUSED_FUNCTION = YES;
				GCC_WARN_UNUSED_VARIABLE = YES;
				IPHONEOS_DEPLOYMENT_TARGET = 18.5;
				LOCALIZATION_PREFERS_STRING_CATALOGS = YES;
				MTL_ENABLE_DEBUG_INFO = NO;
				MTL_FAST_MATH = YES;
				SDKROOT = iphoneos;
				SWIFT_COMPILATION_MODE = wholemodule;
				VALIDATE_PRODUCT = YES;
			};
			name = Release;
		};
		AE491E612F41566B00C82578 /* Debug */ = {
			isa = XCBuildConfiguration;
			buildSettings = {
				ASSETCATALOG_COMPILER_APPICON_NAME = AppIcon;
				ASSETCATALOG_COMPILER_GLOBAL_ACCENT_COLOR_NAME = AccentColor;
				CODE_SIGN_STYLE = Automatic;
				CURRENT_PROJECT_VERSION = 1;
				ENABLE_PREVIEWS = YES;
				GENERATE_INFOPLIST_FILE = YES;
				INFOPLIST_KEY_UIApplicationSceneManifest_Generation = YES;
				INFOPLIST_KEY_UIApplicationSupportsIndirectInputEvents = YES;
				INFOPLIST_KEY_UILaunchScreen_Generation = YES;
				INFOPLIST_KEY_UISupportedInterfaceOrientations_iPad = "UIInterfaceOrientationPortrait UIInterfaceOrientationPortraitUpsideDown UIInterfaceOrientationLandscapeLeft UIInterfaceOrientationLandscapeRight";
				INFOPLIST_KEY_UISupportedInterfaceOrientations_iPhone = "UIInterfaceOrientationPortrait UIInterfaceOrientationLandscapeLeft UIInterfaceOrientationLandscapeRight";
				LD_RUNPATH_SEARCH_PATHS = (
					"$(inherited)",
					"@executable_path/Frameworks",
				);
				MARKETING_VERSION = 1.0;
				PRODUCT_BUNDLE_IDENTIFIER = Personal.BirdTreeIdentifier;
				PRODUCT_NAME = "$(TARGET_NAME)";
				SWIFT_EMIT_LOC_STRINGS = YES;
				SWIFT_VERSION = 5.0;
				TARGETED_DEVICE_FAMILY = "1,2";
			};
			name = Debug;
		};
		AE491E622F41566B00C82578 /* Release */ = {
			isa = XCBuildConfiguration;
			buildSettings = {
				ASSETCATALOG_COMPILER_APPICON_NAME = AppIcon;
				ASSETCATALOG_COMPILER_GLOBAL_ACCENT_COLOR_NAME = AccentColor;
				CODE_SIGN_STYLE = Automatic;
				CURRENT_PROJECT_VERSION = 1;
				ENABLE_PREVIEWS = YES;
				GENERATE_INFOPLIST_FILE = YES;
				INFOPLIST_KEY_UIApplicationSceneManifest_Generation = YES;
				INFOPLIST_KEY_UIApplicationSupportsIndirectInputEvents = YES;
				INFOPLIST_KEY_UILaunchScreen_Generation = YES;
				INFOPLIST_KEY_UISupportedInterfaceOrientations_iPad = "UIInterfaceOrientationPortrait UIInterfaceOrientationPortraitUpsideDown UIInterfaceOrientationLandscapeLeft UIInterfaceOrientationLandscapeRight";
				INFOPLIST_KEY_UISupportedInterfaceOrientations_iPhone = "UIInterfaceOrientationPortrait UIInterfaceOrientationLandscapeLeft UIInterfaceOrientationLandscapeRight";
				LD_RUNPATH_SEARCH_PATHS = (
					"$(inherited)",
					"@executable_path/Frameworks",
				);
				MARKETING_VERSION = 1.0;
				PRODUCT_BUNDLE_IDENTIFIER = Personal.BirdTreeIdentifier;
				PRODUCT_NAME = "$(TARGET_NAME)";
				SWIFT_EMIT_LOC_STRINGS = YES;
				SWIFT_VERSION = 5.0;
				TARGETED_DEVICE_FAMILY = "1,2";
			};
			name = Release;
		};
		AE491E642F41566B00C82578 /* Debug */ = {
			isa = XCBuildConfiguration;
			buildSettings = {
				BUNDLE_LOADER = "$(TEST_HOST)";
				CODE_SIGN_STYLE = Automatic;
				CURRENT_PROJECT_VERSION = 1;
				GENERATE_INFOPLIST_FILE = YES;
				IPHONEOS_DEPLOYMENT_TARGET = 18.5;
				MARKETING_VERSION = 1.0;
				PRODUCT_BUNDLE_IDENTIFIER = Personal.BirdTreeIdentifierTests;
				PRODUCT_NAME = "$(TARGET_NAME)";
				SWIFT_EMIT_LOC_STRINGS = NO;
				SWIFT_VERSION = 5.0;
				TARGETED_DEVICE_FAMILY = "1,2";
				TEST_HOST = "$(BUILT_PRODUCTS_DIR)/BirdTreeIdentifier.app/$(BUNDLE_EXECUTABLE_FOLDER_PATH)/BirdTreeIdentifier";
			};
			name = Debug;
		};
		AE491E652F41566B00C82578 /* Release */ = {
			isa = XCBuildConfiguration;
			buildSettings = {
				BUNDLE_LOADER = "$(TEST_HOST)";
				CODE_SIGN_STYLE = Automatic;
				CURRENT_PROJECT_VERSION = 1;
				GENERATE_INFOPLIST_FILE = YES;
				IPHONEOS_DEPLOYMENT_TARGET = 18.5;
				MARKETING_VERSION = 1.0;
				PRODUCT_BUNDLE_IDENTIFIER = Personal.BirdTreeIdentifierTests;
				PRODUCT_NAME = "$(TARGET_NAME)";
				SWIFT_EMIT_LOC_STRINGS = NO;
				SWIFT_VERSION = 5.0;
				TARGETED_DEVICE_FAMILY = "1,2";
				TEST_HOST = "$(BUILT_PRODUCTS_DIR)/BirdTreeIdentifier.app/$(BUNDLE_EXECUTABLE_FOLDER_PATH)/BirdTreeIdentifier";
			};
			name = Release;
		};
		AE491E672F41566B00C82578 /* Debug */ = {
			isa = XCBuildConfiguration;
			buildSettings = {
				CODE_SIGN_STYLE = Automatic;
				CURRENT_PROJECT_VERSION = 1;
				GENERATE_INFOPLIST_FILE = YES;
				MARKETING_VERSION = 1.0;
				PRODUCT_BUNDLE_IDENTIFIER = Personal.BirdTreeIdentifierUITests;
				PRODUCT_NAME = "$(TARGET_NAME)";
				SWIFT_EMIT_LOC_STRINGS = NO;
				SWIFT_VERSION = 5.0;
				TARGETED_DEVICE_FAMILY = "1,2";
				TEST_TARGET_NAME = BirdTreeIdentifier;
			};
			name = Debug;
		};
		AE491E682F41566B00C82578 /* Release */ = {
			isa = XCBuildConfiguration;
			buildSettings = {
				CODE_SIGN_STYLE = Automatic;
				CURRENT_PROJECT_VERSION = 1;
				GENERATE_INFOPLIST_FILE = YES;
				MARKETING_VERSION = 1.0;
				PRODUCT_BUNDLE_IDENTIFIER = Personal.BirdTreeIdentifierUITests;
				PRODUCT_NAME = "$(TARGET_NAME)";
				SWIFT_EMIT_LOC_STRINGS = NO;
				SWIFT_VERSION = 5.0;
				TARGETED_DEVICE_FAMILY = "1,2";
				TEST_TARGET_NAME = BirdTreeIdentifier;
			};
			name = Release;
		};
/* End XCBuildConfiguration section */

/* Begin XCConfigurationList section */
		AE491E3A2F41566A00C82578 /* Build configuration list for PBXProject "BirdTreeIdentifier" */ = {
			isa = XCConfigurationList;
			buildConfigurations = (
				AE491E5E2F41566B00C82578 /* Debug */,
				AE491E5F2F41566B00C82578 /* Release */,
			);
			defaultConfigurationIsVisible = 0;
			defaultConfigurationName = Release;
		};
		AE491E602F41566B00C82578 /* Build configuration list for PBXNativeTarget "BirdTreeIdentifier" */ = {
			isa = XCConfigurationList;
			buildConfigurations = (
				AE491E612F41566B00C82578 /* Debug */,
				AE491E622F41566B00C82578 /* Release */,
			);
			defaultConfigurationIsVisible = 0;
			defaultConfigurationName = Release;
		};
		AE491E632F41566B00C82578 /* Build configuration list for PBXNativeTarget "BirdTreeIdentifierTests" */ = {
			isa = XCConfigurationList;
			buildConfigurations = (
				AE491E642F41566B00C82578 /* Debug */,
				AE491E652F41566B00C82578 /* Release */,
			);
			defaultConfigurationIsVisible = 0;
			defaultConfigurationName = Release;
		};
		AE491E662F41566B00C82578 /* Build configuration list for PBXNativeTarget "BirdTreeIdentifierUITests" */ = {
			isa = XCConfigurationList;
			buildConfigurations = (
				AE491E672F41566B00C82578 /* Debug */,
				AE491E682F41566B00C82578 /* Release */,
			);
			defaultConfigurationIsVisible = 0;
			defaultConfigurationName = Release;
		};
/* End XCConfigurationList section */
	};
	rootObject = AE491E372F41566A00C82578 /* Project object */;
}
